
Microsoft Visual Studio Solution File, Format Version 12.00
# Visual Studio Version 17
VisualStudioVersion = 17.10.35004.147
MinimumVisualStudioVersion = 10.0.40219.1
Project("{FAE04EC0-301F-11D3-BF4B-00C04F79EFBC}") = "ObserverPattern", "ObserverPattern\ObserverPattern.csproj", "{F0D11FD2-E67E-4A70-A17C-26DC9B347783}"
EndProject
Global
	GlobalSection(SolutionConfigurationPlatforms) = preSolution
		Debug|Any CPU = Debug|Any CPU
		Release|Any CPU = Release|Any CPU
	EndGlobalSection
	GlobalSection(ProjectConfigurationPlatforms) = postSolution
		{F0D11FD2-E67E-4A70-A17C-26DC9B347783}.Debug|Any CPU.ActiveCfg = Debug|Any CPU
		{F0D11FD2-E67E-4A70-A17C-26DC9B347783}.Debug|Any CPU.Build.0 = Debug|Any CPU
		{F0D11FD2-E67E-4A70-A17C-26DC9B347783}.Release|Any CPU.ActiveCfg = Release|Any CPU
		{F0D11FD2-E67E-4A70-A17C-26DC9B347783}.Release|Any CPU.Build.0 = Release|Any CPU
	EndGlobalSection
	GlobalSection(SolutionProperties) = preSolution
		HideSolutionNode = FALSE
	EndGlobalSection
	GlobalSection(ExtensibilityGlobals) = postSolution
		SolutionGuid = {6292E827-906C-4B39-ABC3-9B1FD4B13AC3}
	EndGlobalSection
EndGlobal
